
Microsoft Visual Studio Solution File, Format Version 12.00
# Visual Studio Version 17
VisualStudioVersion = 17.4.33403.182
MinimumVisualStudioVersion = 10.0.40219.1
Project("{FAE04EC0-301F-11D3-BF4B-00C04F79EFBC}") = "Task11Game", "Task11Game\Task11Game.csproj", "{36F2459A-B9DE-49F1-A4D2-44831AAF82EC}"
EndProject
Project("{FAE04EC0-301F-11D3-BF4B-00C04F79EFBC}") = "Task11Tests", "Task11Tests\Task11Tests.csproj", "{DA66349E-84B8-40FB-8918-8FFCCC25A00F}"
EndProject
Global
	GlobalSection(SolutionConfigurationPlatforms) = preSolution
		Debug|Any CPU = Debug|Any CPU
		Release|Any CPU = Release|Any CPU
	EndGlobalSection
	GlobalSection(ProjectConfigurationPlatforms) = postSolution
		{36F2459A-B9DE-49F1-A4D2-44831AAF82EC}.Debug|Any CPU.ActiveCfg = Debug|Any CPU
		{36F2459A-B9DE-49F1-A4D2-44831AAF82EC}.Debug|Any CPU.Build.0 = Debug|Any CPU
		{36F2459A-B9DE-49F1-A4D2-44831AAF82EC}.Release|Any CPU.ActiveCfg = Release|Any CPU
		{36F2459A-B9DE-49F1-A4D2-44831AAF82EC}.Release|Any CPU.Build.0 = Release|Any CPU
		{DA66349E-84B8-40FB-8918-8FFCCC25A00F}.Debug|Any CPU.ActiveCfg = Debug|Any CPU
		{DA66349E-84B8-40FB-8918-8FFCCC25A00F}.Debug|Any CPU.Build.0 = Debug|Any CPU
		{DA66349E-84B8-40FB-8918-8FFCCC25A00F}.Release|Any CPU.ActiveCfg = Release|Any CPU
		{DA66349E-84B8-40FB-8918-8FFCCC25A00F}.Release|Any CPU.Build.0 = Release|Any CPU
	EndGlobalSection
	GlobalSection(SolutionProperties) = preSolution
		HideSolutionNode = FALSE
	EndGlobalSection
	GlobalSection(ExtensibilityGlobals) = postSolution
		SolutionGuid = {603568E9-4464-4351-B10C-85077C00B3B4}
	EndGlobalSection
EndGlobal
