
Microsoft Visual Studio Solution File, Format Version 12.00
# Visual Studio Version 17
VisualStudioVersion = 17.4.33403.182
MinimumVisualStudioVersion = 10.0.40219.1
Project("{9A19103F-16F7-4668-BE54-9A1E7A4F7556}") = "Task02BurrowsWheelerTransform", "Task02BurrowsWheelerTransform\Task02BurrowsWheelerTransform.csproj", "{72C08A30-617B-42AE-9BBE-BCB4C36672C4}"
EndProject
Project("{FAE04EC0-301F-11D3-BF4B-00C04F79EFBC}") = "Task02Tests", "Task02Tests\Task02Tests.csproj", "{29D32305-EEA7-4317-B5CE-4EF821CFBE4F}"
EndProject
Global
	GlobalSection(SolutionConfigurationPlatforms) = preSolution
		Debug|Any CPU = Debug|Any CPU
		Release|Any CPU = Release|Any CPU
	EndGlobalSection
	GlobalSection(ProjectConfigurationPlatforms) = postSolution
		{72C08A30-617B-42AE-9BBE-BCB4C36672C4}.Debug|Any CPU.ActiveCfg = Debug|Any CPU
		{72C08A30-617B-42AE-9BBE-BCB4C36672C4}.Debug|Any CPU.Build.0 = Debug|Any CPU
		{72C08A30-617B-42AE-9BBE-BCB4C36672C4}.Release|Any CPU.ActiveCfg = Release|Any CPU
		{72C08A30-617B-42AE-9BBE-BCB4C36672C4}.Release|Any CPU.Build.0 = Release|Any CPU
		{29D32305-EEA7-4317-B5CE-4EF821CFBE4F}.Debug|Any CPU.ActiveCfg = Debug|Any CPU
		{29D32305-EEA7-4317-B5CE-4EF821CFBE4F}.Debug|Any CPU.Build.0 = Debug|Any CPU
		{29D32305-EEA7-4317-B5CE-4EF821CFBE4F}.Release|Any CPU.ActiveCfg = Release|Any CPU
		{29D32305-EEA7-4317-B5CE-4EF821CFBE4F}.Release|Any CPU.Build.0 = Release|Any CPU
	EndGlobalSection
	GlobalSection(SolutionProperties) = preSolution
		HideSolutionNode = FALSE
	EndGlobalSection
	GlobalSection(ExtensibilityGlobals) = postSolution
		SolutionGuid = {1EE0DBD6-3764-4DC1-A072-16262972C341}
	EndGlobalSection
EndGlobal
