
Microsoft Visual Studio Solution File, Format Version 12.00
# Visual Studio Version 17
VisualStudioVersion = 17.4.33403.182
MinimumVisualStudioVersion = 10.0.40219.1
Project("{FAE04EC0-301F-11D3-BF4B-00C04F79EFBC}") = "Task12Calculator", "Task12Calculator\Task12Calculator.csproj", "{830C3650-F345-4A87-A268-679B6159C075}"
EndProject
Project("{FAE04EC0-301F-11D3-BF4B-00C04F79EFBC}") = "Task12Tests", "Task12Tests\Task12Tests.csproj", "{C5757D77-1EFC-4096-A96E-8DC444C3B523}"
EndProject
Global
	GlobalSection(SolutionConfigurationPlatforms) = preSolution
		Debug|Any CPU = Debug|Any CPU
		Release|Any CPU = Release|Any CPU
	EndGlobalSection
	GlobalSection(ProjectConfigurationPlatforms) = postSolution
		{830C3650-F345-4A87-A268-679B6159C075}.Debug|Any CPU.ActiveCfg = Debug|Any CPU
		{830C3650-F345-4A87-A268-679B6159C075}.Debug|Any CPU.Build.0 = Debug|Any CPU
		{830C3650-F345-4A87-A268-679B6159C075}.Release|Any CPU.ActiveCfg = Release|Any CPU
		{830C3650-F345-4A87-A268-679B6159C075}.Release|Any CPU.Build.0 = Release|Any CPU
		{C5757D77-1EFC-4096-A96E-8DC444C3B523}.Debug|Any CPU.ActiveCfg = Debug|Any CPU
		{C5757D77-1EFC-4096-A96E-8DC444C3B523}.Debug|Any CPU.Build.0 = Debug|Any CPU
		{C5757D77-1EFC-4096-A96E-8DC444C3B523}.Release|Any CPU.ActiveCfg = Release|Any CPU
		{C5757D77-1EFC-4096-A96E-8DC444C3B523}.Release|Any CPU.Build.0 = Release|Any CPU
	EndGlobalSection
	GlobalSection(SolutionProperties) = preSolution
		HideSolutionNode = FALSE
	EndGlobalSection
	GlobalSection(ExtensibilityGlobals) = postSolution
		SolutionGuid = {505EE1CE-E472-4EEB-9F5E-65FB6BE5E1E7}
	EndGlobalSection
EndGlobal
