
Microsoft Visual Studio Solution File, Format Version 12.00
# Visual Studio Version 17
VisualStudioVersion = 17.4.33403.182
MinimumVisualStudioVersion = 10.0.40219.1
Project("{FAE04EC0-301F-11D3-BF4B-00C04F79EFBC}") = "Task10MapFilterFold", "Task10MapFilterFold\Task10MapFilterFold.csproj", "{96CFF4BD-85CE-4842-9D4D-FA74ED2E05D7}"
EndProject
Global
	GlobalSection(SolutionConfigurationPlatforms) = preSolution
		Debug|Any CPU = Debug|Any CPU
		Release|Any CPU = Release|Any CPU
	EndGlobalSection
	GlobalSection(ProjectConfigurationPlatforms) = postSolution
		{96CFF4BD-85CE-4842-9D4D-FA74ED2E05D7}.Debug|Any CPU.ActiveCfg = Debug|Any CPU
		{96CFF4BD-85CE-4842-9D4D-FA74ED2E05D7}.Debug|Any CPU.Build.0 = Debug|Any CPU
		{96CFF4BD-85CE-4842-9D4D-FA74ED2E05D7}.Release|Any CPU.ActiveCfg = Release|Any CPU
		{96CFF4BD-85CE-4842-9D4D-FA74ED2E05D7}.Release|Any CPU.Build.0 = Release|Any CPU
	EndGlobalSection
	GlobalSection(SolutionProperties) = preSolution
		HideSolutionNode = FALSE
	EndGlobalSection
	GlobalSection(ExtensibilityGlobals) = postSolution
		SolutionGuid = {E1B6A21D-EE8C-41D6-9BEB-CBB71E7BB1B5}
	EndGlobalSection
EndGlobal
